
Microsoft Visual Studio Solution File, Format Version 12.00
# Visual Studio Version 17
VisualStudioVersion = 17.5.33516.290
MinimumVisualStudioVersion = 10.0.40219.1
Project("{2150E333-8FDC-42A3-9474-1A3956D46DE8}") = "Services", "Services", "{52D30442-D72D-458B-8381-AAE157896F5E}"
EndProject
Project("{2150E333-8FDC-42A3-9474-1A3956D46DE8}") = "Catalog", "Catalog", "{CEF23A05-19C9-4567-9A06-59F676EEFEC3}"
EndProject
Project("{FAE04EC0-301F-11D3-BF4B-00C04F79EFBC}") = "Catalog.API", "Services\Catalog\Catalog.API\Catalog.API.csproj", "{5052B30D-A9C8-45A3-A28D-FD238395B391}"
EndProject
Project("{E53339B2-1760-4266-BCC7-CA923CBCF16C}") = "docker-compose", "docker-compose.dcproj", "{DC9DBE7B-35EB-479E-B560-EDD0687FE0D9}"
EndProject
Global
	GlobalSection(SolutionConfigurationPlatforms) = preSolution
		Debug|Any CPU = Debug|Any CPU
		Release|Any CPU = Release|Any CPU
	EndGlobalSection
	GlobalSection(ProjectConfigurationPlatforms) = postSolution
		{5052B30D-A9C8-45A3-A28D-FD238395B391}.Debug|Any CPU.ActiveCfg = Debug|Any CPU
		{5052B30D-A9C8-45A3-A28D-FD238395B391}.Debug|Any CPU.Build.0 = Debug|Any CPU
		{5052B30D-A9C8-45A3-A28D-FD238395B391}.Release|Any CPU.ActiveCfg = Release|Any CPU
		{5052B30D-A9C8-45A3-A28D-FD238395B391}.Release|Any CPU.Build.0 = Release|Any CPU
		{DC9DBE7B-35EB-479E-B560-EDD0687FE0D9}.Debug|Any CPU.ActiveCfg = Debug|Any CPU
		{DC9DBE7B-35EB-479E-B560-EDD0687FE0D9}.Debug|Any CPU.Build.0 = Debug|Any CPU
		{DC9DBE7B-35EB-479E-B560-EDD0687FE0D9}.Release|Any CPU.ActiveCfg = Release|Any CPU
		{DC9DBE7B-35EB-479E-B560-EDD0687FE0D9}.Release|Any CPU.Build.0 = Release|Any CPU
	EndGlobalSection
	GlobalSection(SolutionProperties) = preSolution
		HideSolutionNode = FALSE
	EndGlobalSection
	GlobalSection(NestedProjects) = preSolution
		{CEF23A05-19C9-4567-9A06-59F676EEFEC3} = {52D30442-D72D-458B-8381-AAE157896F5E}
		{5052B30D-A9C8-45A3-A28D-FD238395B391} = {CEF23A05-19C9-4567-9A06-59F676EEFEC3}
	EndGlobalSection
	GlobalSection(ExtensibilityGlobals) = postSolution
		SolutionGuid = {C587330E-DDFA-4CE0-930B-830FD81D8FD5}
	EndGlobalSection
EndGlobal
